
Microsoft Visual Studio Solution File, Format Version 12.00
# Visual Studio 15
VisualStudioVersion = 15.0.28307.779
MinimumVisualStudioVersion = 10.0.40219.1
Project("{E24C65DC-7377-472B-9ABA-BC803B73C61A}") = "WebSite2", "WebSite2\", "{34AB908E-D9AC-4916-82BC-503E51350BE0}"
	ProjectSection(WebsiteProperties) = preProject
		TargetFrameworkMoniker = ".NETFramework,Version%3Dv4.5"
		Debug.AspNetCompiler.VirtualPath = "/localhost_49566"
		Debug.AspNetCompiler.PhysicalPath = "WebSite2\"
		Debug.AspNetCompiler.TargetPath = "PrecompiledWeb\localhost_49566\"
		Debug.AspNetCompiler.Updateable = "true"
		Debug.AspNetCompiler.ForceOverwrite = "true"
		Debug.AspNetCompiler.FixedNames = "false"
		Debug.AspNetCompiler.Debug = "True"
		Release.AspNetCompiler.VirtualPath = "/localhost_49566"
		Release.AspNetCompiler.PhysicalPath = "WebSite2\"
		Release.AspNetCompiler.TargetPath = "PrecompiledWeb\localhost_49566\"
		Release.AspNetCompiler.Updateable = "true"
		Release.AspNetCompiler.ForceOverwrite = "true"
		Release.AspNetCompiler.FixedNames = "false"
		Release.AspNetCompiler.Debug = "False"
		VWDPort = "49566"
		SlnRelativePath = "WebSite2\"
		DefaultWebSiteLanguage = "Visual C#"
	EndProjectSection
EndProject
Global
	GlobalSection(SolutionConfigurationPlatforms) = preSolution
		Debug|Any CPU = Debug|Any CPU
	EndGlobalSection
	GlobalSection(ProjectConfigurationPlatforms) = postSolution
		{34AB908E-D9AC-4916-82BC-503E51350BE0}.Debug|Any CPU.ActiveCfg = Debug|Any CPU
		{34AB908E-D9AC-4916-82BC-503E51350BE0}.Debug|Any CPU.Build.0 = Debug|Any CPU
	EndGlobalSection
	GlobalSection(SolutionProperties) = preSolution
		HideSolutionNode = FALSE
	EndGlobalSection
	GlobalSection(ExtensibilityGlobals) = postSolution
		SolutionGuid = {681F22A1-0AE5-4999-9F52-629B0DE1931A}
	EndGlobalSection
EndGlobal
